// !$*UTF8*$!
{
	archiveVersion = 1;
	classes = {
	};
	objectVersion = 46;
	objects = {

/* Begin PBXBuildFile section */
		2F71B5128F9A68B51EB6ABED /* Pods_galleryUITests.framework in Frameworks */ = {isa = PBXBuildFile; fileRef = 68D0D1BDF2BFDD5B065761C0 /* Pods_galleryUITests.framework */; };
		AC6E22D7D949EB320EC4E7DD /* Pods_gallery.framework in Frameworks */ = {isa = PBXBuildFile; fileRef = 5F64A5A0E610BE4A9336B76A /* Pods_gallery.framework */; };
		D9B494A7BA291F1F86F4C84C /* Pods_galleryTests.framework in Frameworks */ = {isa = PBXBuildFile; fileRef = 1400A5340B7329E7FA8FD554 /* Pods_galleryTests.framework */; };
		EB59BF1A1D56414300972CA3 /* Product.swift in Sources */ = {isa = PBXBuildFile; fileRef = EB59BF191D56414300972CA3 /* Product.swift */; };
		EB59BF1C1D56449800972CA3 /* ProductTests.swift in Sources */ = {isa = PBXBuildFile; fileRef = EB59BF1B1D56449800972CA3 /* ProductTests.swift */; };
		EB59BF1E1D5644DE00972CA3 /* product.json in Resources */ = {isa = PBXBuildFile; fileRef = EB59BF1D1D5644DE00972CA3 /* product.json */; };
		EB59BF211D5648DE00972CA3 /* Result.swift in Sources */ = {isa = PBXBuildFile; fileRef = EB59BF201D5648DE00972CA3 /* Result.swift */; };
		EB59BF231D56492900972CA3 /* Error.swift in Sources */ = {isa = PBXBuildFile; fileRef = EB59BF221D56492900972CA3 /* Error.swift */; };
		EB59BF251D56496600972CA3 /* Resource.swift in Sources */ = {isa = PBXBuildFile; fileRef = EB59BF241D56496600972CA3 /* Resource.swift */; };
		EB59BF271D564AC700972CA3 /* Connection.swift in Sources */ = {isa = PBXBuildFile; fileRef = EB59BF261D564AC700972CA3 /* Connection.swift */; };
		EB59BF291D564CD700972CA3 /* ConnectionTests.swift in Sources */ = {isa = PBXBuildFile; fileRef = EB59BF281D564CD700972CA3 /* ConnectionTests.swift */; };
		EB59BF2B1D56526600972CA3 /* MockFileHelper.swift in Sources */ = {isa = PBXBuildFile; fileRef = EB59BF2A1D56526600972CA3 /* MockFileHelper.swift */; };
		EB59BF2D1D5655B200972CA3 /* Parser.swift in Sources */ = {isa = PBXBuildFile; fileRef = EB59BF2C1D5655B200972CA3 /* Parser.swift */; };
		EB59BF2F1D5658BD00972CA3 /* products.json in Resources */ = {isa = PBXBuildFile; fileRef = EB59BF2E1D5658BD00972CA3 /* products.json */; };
		EB7628911D5637790093DFAB /* AppDelegate.swift in Sources */ = {isa = PBXBuildFile; fileRef = EB7628901D5637790093DFAB /* AppDelegate.swift */; };
		EB7628961D5637790093DFAB /* Main.storyboard in Resources */ = {isa = PBXBuildFile; fileRef = EB7628941D5637790093DFAB /* Main.storyboard */; };
		EB7628981D5637790093DFAB /* Assets.xcassets in Resources */ = {isa = PBXBuildFile; fileRef = EB7628971D5637790093DFAB /* Assets.xcassets */; };
		EB76289B1D5637790093DFAB /* LaunchScreen.storyboard in Resources */ = {isa = PBXBuildFile; fileRef = EB7628991D5637790093DFAB /* LaunchScreen.storyboard */; };
		EB7628A61D5637790093DFAB /* galleryTests.swift in Sources */ = {isa = PBXBuildFile; fileRef = EB7628A51D5637790093DFAB /* galleryTests.swift */; };
		EB7628B11D5637790093DFAB /* galleryUITests.swift in Sources */ = {isa = PBXBuildFile; fileRef = EB7628B01D5637790093DFAB /* galleryUITests.swift */; };
		EBE251BB1D570AEB0089D328 /* CellConfigurable.swift in Sources */ = {isa = PBXBuildFile; fileRef = EBE251BA1D570AEB0089D328 /* CellConfigurable.swift */; };
		EBE251BF1D570B720089D328 /* TableViewDataSource.swift in Sources */ = {isa = PBXBuildFile; fileRef = EBE251BE1D570B720089D328 /* TableViewDataSource.swift */; };
		EBE251C11D570D0F0089D328 /* TableView+Dequeuing.swift in Sources */ = {isa = PBXBuildFile; fileRef = EBE251C01D570D0F0089D328 /* TableView+Dequeuing.swift */; };
		EBE251C31D570E740089D328 /* ProductCellController.swift in Sources */ = {isa = PBXBuildFile; fileRef = EBE251C21D570E740089D328 /* ProductCellController.swift */; };
		EBE251C51D5713980089D328 /* ProductListUIController.swift in Sources */ = {isa = PBXBuildFile; fileRef = EBE251C41D5713980089D328 /* ProductListUIController.swift */; };
		EBE251C71D5728AB0089D328 /* TableViewDelegate.swift in Sources */ = {isa = PBXBuildFile; fileRef = EBE251C61D5728AB0089D328 /* TableViewDelegate.swift */; };
		EBE251C91D572E7A0089D328 /* AlertController.swift in Sources */ = {isa = PBXBuildFile; fileRef = EBE251C81D572E7A0089D328 /* AlertController.swift */; };
		EBFA63111D56F5D600CEAB94 /* ProductViewController.swift in Sources */ = {isa = PBXBuildFile; fileRef = EBFA630F1D56F5D600CEAB94 /* ProductViewController.swift */; };
		EBFA63121D56F5D600CEAB94 /* ProductViewController.xib in Resources */ = {isa = PBXBuildFile; fileRef = EBFA63101D56F5D600CEAB94 /* ProductViewController.xib */; };
		EBFA63151D56F65300CEAB94 /* ProductTableViewCell.swift in Sources */ = {isa = PBXBuildFile; fileRef = EBFA63131D56F65300CEAB94 /* ProductTableViewCell.swift */; };
		EBFA63161D56F65300CEAB94 /* ProductTableViewCell.xib in Resources */ = {isa = PBXBuildFile; fileRef = EBFA63141D56F65300CEAB94 /* ProductTableViewCell.xib */; };
		EBFA63191D56F70100CEAB94 /* ProductListController.swift in Sources */ = {isa = PBXBuildFile; fileRef = EBFA63181D56F70100CEAB94 /* ProductListController.swift */; };
/* End PBXBuildFile section */

/* Begin PBXContainerItemProxy section */
		EB7628A21D5637790093DFAB /* PBXContainerItemProxy */ = {
			isa = PBXContainerItemProxy;
			containerPortal = EB7628851D5637790093DFAB /* Project object */;
			proxyType = 1;
			remoteGlobalIDString = EB76288C1D5637790093DFAB;
			remoteInfo = gallery;
		};
		EB7628AD1D5637790093DFAB /* PBXContainerItemProxy */ = {
			isa = PBXContainerItemProxy;
			containerPortal = EB7628851D5637790093DFAB /* Project object */;
			proxyType = 1;
			remoteGlobalIDString = EB76288C1D5637790093DFAB;
			remoteInfo = gallery;
		};
/* End PBXContainerItemProxy section */

/* Begin PBXFileReference section */
		02A5FAA7F3E0C3DF79224110 /* Pods-galleryUITests.release.xcconfig */ = {isa = PBXFileReference; includeInIndex = 1; lastKnownFileType = text.xcconfig; name = "Pods-galleryUITests.release.xcconfig"; path = "Pods/Target Support Files/Pods-galleryUITests/Pods-galleryUITests.release.xcconfig"; sourceTree = "<group>"; };
		1400A5340B7329E7FA8FD554 /* Pods_galleryTests.framework */ = {isa = PBXFileReference; explicitFileType = wrapper.framework; includeInIndex = 0; path = Pods_galleryTests.framework; sourceTree = BUILT_PRODUCTS_DIR; };
		3225324FA8EDE291D5131A0C /* Pods-gallery.release.xcconfig */ = {isa = PBXFileReference; includeInIndex = 1; lastKnownFileType = text.xcconfig; name = "Pods-gallery.release.xcconfig"; path = "Pods/Target Support Files/Pods-gallery/Pods-gallery.release.xcconfig"; sourceTree = "<group>"; };
		44010E9E4F0952DEBA0273AD /* Pods-gallery.debug.xcconfig */ = {isa = PBXFileReference; includeInIndex = 1; lastKnownFileType = text.xcconfig; name = "Pods-gallery.debug.xcconfig"; path = "Pods/Target Support Files/Pods-gallery/Pods-gallery.debug.xcconfig"; sourceTree = "<group>"; };
		57D497755A100D92CA26C46C /* Pods-galleryUITests.debug.xcconfig */ = {isa = PBXFileReference; includeInIndex = 1; lastKnownFileType = text.xcconfig; name = "Pods-galleryUITests.debug.xcconfig"; path = "Pods/Target Support Files/Pods-galleryUITests/Pods-galleryUITests.debug.xcconfig"; sourceTree = "<group>"; };
		5F64A5A0E610BE4A9336B76A /* Pods_gallery.framework */ = {isa = PBXFileReference; explicitFileType = wrapper.framework; includeInIndex = 0; path = Pods_gallery.framework; sourceTree = BUILT_PRODUCTS_DIR; };
		68D0D1BDF2BFDD5B065761C0 /* Pods_galleryUITests.framework */ = {isa = PBXFileReference; explicitFileType = wrapper.framework; includeInIndex = 0; path = Pods_galleryUITests.framework; sourceTree = BUILT_PRODUCTS_DIR; };
		EB59BF191D56414300972CA3 /* Product.swift */ = {isa = PBXFileReference; fileEncoding = 4; lastKnownFileType = sourcecode.swift; path = Product.swift; sourceTree = "<group>"; };
		EB59BF1B1D56449800972CA3 /* ProductTests.swift */ = {isa = PBXFileReference; fileEncoding = 4; lastKnownFileType = sourcecode.swift; path = ProductTests.swift; sourceTree = "<group>"; };
		EB59BF1D1D5644DE00972CA3 /* product.json */ = {isa = PBXFileReference; fileEncoding = 4; lastKnownFileType = text.json; path = product.json; sourceTree = "<group>"; };
		EB59BF201D5648DE00972CA3 /* Result.swift */ = {isa = PBXFileReference; fileEncoding = 4; lastKnownFileType = sourcecode.swift; path = Result.swift; sourceTree = "<group>"; };
		EB59BF221D56492900972CA3 /* Error.swift */ = {isa = PBXFileReference; fileEncoding = 4; lastKnownFileType = sourcecode.swift; path = Error.swift; sourceTree = "<group>"; };
		EB59BF241D56496600972CA3 /* Resource.swift */ = {isa = PBXFileReference; fileEncoding = 4; lastKnownFileType = sourcecode.swift; path = Resource.swift; sourceTree = "<group>"; };
		EB59BF261D564AC700972CA3 /* Connection.swift */ = {isa = PBXFileReference; fileEncoding = 4; lastKnownFileType = sourcecode.swift; path = Connection.swift; sourceTree = "<group>"; };
		EB59BF281D564CD700972CA3 /* ConnectionTests.swift */ = {isa = PBXFileReference; fileEncoding = 4; lastKnownFileType = sourcecode.swift; path = ConnectionTests.swift; sourceTree = "<group>"; };
		EB59BF2A1D56526600972CA3 /* MockFileHelper.swift */ = {isa = PBXFileReference; fileEncoding = 4; lastKnownFileType = sourcecode.swift; path = MockFileHelper.swift; sourceTree = "<group>"; };
		EB59BF2C1D5655B200972CA3 /* Parser.swift */ = {isa = PBXFileReference; fileEncoding = 4; lastKnownFileType = sourcecode.swift; path = Parser.swift; sourceTree = "<group>"; };
		EB59BF2E1D5658BD00972CA3 /* products.json */ = {isa = PBXFileReference; fileEncoding = 4; lastKnownFileType = text.json; path = products.json; sourceTree = "<group>"; };
		EB76288D1D5637790093DFAB /* gallery.app */ = {isa = PBXFileReference; explicitFileType = wrapper.application; includeInIndex = 0; path = gallery.app; sourceTree = BUILT_PRODUCTS_DIR; };
		EB7628901D5637790093DFAB /* AppDelegate.swift */ = {isa = PBXFileReference; lastKnownFileType = sourcecode.swift; path = AppDelegate.swift; sourceTree = "<group>"; };
		EB7628951D5637790093DFAB /* Base */ = {isa = PBXFileReference; lastKnownFileType = file.storyboard; name = Base; path = Base.lproj/Main.storyboard; sourceTree = "<group>"; };
		EB7628971D5637790093DFAB /* Assets.xcassets */ = {isa = PBXFileReference; lastKnownFileType = folder.assetcatalog; path = Assets.xcassets; sourceTree = "<group>"; };
		EB76289A1D5637790093DFAB /* Base */ = {isa = PBXFileReference; lastKnownFileType = file.storyboard; name = Base; path = Base.lproj/LaunchScreen.storyboard; sourceTree = "<group>"; };
		EB76289C1D5637790093DFAB /* Info.plist */ = {isa = PBXFileReference; lastKnownFileType = text.plist.xml; path = Info.plist; sourceTree = "<group>"; };
		EB7628A11D5637790093DFAB /* galleryTests.xctest */ = {isa = PBXFileReference; explicitFileType = wrapper.cfbundle; includeInIndex = 0; path = galleryTests.xctest; sourceTree = BUILT_PRODUCTS_DIR; };
		EB7628A51D5637790093DFAB /* galleryTests.swift */ = {isa = PBXFileReference; lastKnownFileType = sourcecode.swift; path = galleryTests.swift; sourceTree = "<group>"; };
		EB7628A71D5637790093DFAB /* Info.plist */ = {isa = PBXFileReference; lastKnownFileType = text.plist.xml; path = Info.plist; sourceTree = "<group>"; };
		EB7628AC1D5637790093DFAB /* galleryUITests.xctest */ = {isa = PBXFileReference; explicitFileType = wrapper.cfbundle; includeInIndex = 0; path = galleryUITests.xctest; sourceTree = BUILT_PRODUCTS_DIR; };
		EB7628B01D5637790093DFAB /* galleryUITests.swift */ = {isa = PBXFileReference; lastKnownFileType = sourcecode.swift; path = galleryUITests.swift; sourceTree = "<group>"; };
		EB7628B21D5637790093DFAB /* Info.plist */ = {isa = PBXFileReference; lastKnownFileType = text.plist.xml; path = Info.plist; sourceTree = "<group>"; };
		EBE251BA1D570AEB0089D328 /* CellConfigurable.swift */ = {isa = PBXFileReference; fileEncoding = 4; lastKnownFileType = sourcecode.swift; path = CellConfigurable.swift; sourceTree = "<group>"; };
		EBE251BE1D570B720089D328 /* TableViewDataSource.swift */ = {isa = PBXFileReference; fileEncoding = 4; lastKnownFileType = sourcecode.swift; path = TableViewDataSource.swift; sourceTree = "<group>"; };
		EBE251C01D570D0F0089D328 /* TableView+Dequeuing.swift */ = {isa = PBXFileReference; fileEncoding = 4; lastKnownFileType = sourcecode.swift; path = "TableView+Dequeuing.swift"; sourceTree = "<group>"; };
		EBE251C21D570E740089D328 /* ProductCellController.swift */ = {isa = PBXFileReference; fileEncoding = 4; lastKnownFileType = sourcecode.swift; path = ProductCellController.swift; sourceTree = "<group>"; };
		EBE251C41D5713980089D328 /* ProductListUIController.swift */ = {isa = PBXFileReference; fileEncoding = 4; lastKnownFileType = sourcecode.swift; path = ProductListUIController.swift; sourceTree = "<group>"; };
		EBE251C61D5728AB0089D328 /* TableViewDelegate.swift */ = {isa = PBXFileReference; fileEncoding = 4; lastKnownFileType = sourcecode.swift; path = TableViewDelegate.swift; sourceTree = "<group>"; };
		EBE251C81D572E7A0089D328 /* AlertController.swift */ = {isa = PBXFileReference; fileEncoding = 4; lastKnownFileType = sourcecode.swift; path = AlertController.swift; sourceTree = "<group>"; };
		EBFA630F1D56F5D600CEAB94 /* ProductViewController.swift */ = {isa = PBXFileReference; fileEncoding = 4; lastKnownFileType = sourcecode.swift; path = ProductViewController.swift; sourceTree = "<group>"; };
		EBFA63101D56F5D600CEAB94 /* ProductViewController.xib */ = {isa = PBXFileReference; fileEncoding = 4; lastKnownFileType = file.xib; path = ProductViewController.xib; sourceTree = "<group>"; };
		EBFA63131D56F65300CEAB94 /* ProductTableViewCell.swift */ = {isa = PBXFileReference; fileEncoding = 4; lastKnownFileType = sourcecode.swift; path = ProductTableViewCell.swift; sourceTree = "<group>"; };
		EBFA63141D56F65300CEAB94 /* ProductTableViewCell.xib */ = {isa = PBXFileReference; fileEncoding = 4; lastKnownFileType = file.xib; path = ProductTableViewCell.xib; sourceTree = "<group>"; };
		EBFA63181D56F70100CEAB94 /* ProductListController.swift */ = {isa = PBXFileReference; fileEncoding = 4; lastKnownFileType = sourcecode.swift; path = ProductListController.swift; sourceTree = "<group>"; };
		F3DAB46453D0C501CF924110 /* Pods-galleryTests.debug.xcconfig */ = {isa = PBXFileReference; includeInIndex = 1; lastKnownFileType = text.xcconfig; name = "Pods-galleryTests.debug.xcconfig"; path = "Pods/Target Support Files/Pods-galleryTests/Pods-galleryTests.debug.xcconfig"; sourceTree = "<group>"; };
		FEEB983EE02FE11D641C544D /* Pods-galleryTests.release.xcconfig */ = {isa = PBXFileReference; includeInIndex = 1; lastKnownFileType = text.xcconfig; name = "Pods-galleryTests.release.xcconfig"; path = "Pods/Target Support Files/Pods-galleryTests/Pods-galleryTests.release.xcconfig"; sourceTree = "<group>"; };
/* End PBXFileReference section */

/* Begin PBXFrameworksBuildPhase section */
		EB76288A1D5637790093DFAB /* Frameworks */ = {
			isa = PBXFrameworksBuildPhase;
			buildActionMask = 2147483647;
			files = (
				AC6E22D7D949EB320EC4E7DD /* Pods_gallery.framework in Frameworks */,
			);
			runOnlyForDeploymentPostprocessing = 0;
		};
		EB76289E1D5637790093DFAB /* Frameworks */ = {
			isa = PBXFrameworksBuildPhase;
			buildActionMask = 2147483647;
			files = (
				D9B494A7BA291F1F86F4C84C /* Pods_galleryTests.framework in Frameworks */,
			);
			runOnlyForDeploymentPostprocessing = 0;
		};
		EB7628A91D5637790093DFAB /* Frameworks */ = {
			isa = PBXFrameworksBuildPhase;
			buildActionMask = 2147483647;
			files = (
				2F71B5128F9A68B51EB6ABED /* Pods_galleryUITests.framework in Frameworks */,
			);
			runOnlyForDeploymentPostprocessing = 0;
		};
/* End PBXFrameworksBuildPhase section */

/* Begin PBXGroup section */
		66301F2E457FC47EEEC8A5E2 /* Frameworks */ = {
			isa = PBXGroup;
			children = (
				5F64A5A0E610BE4A9336B76A /* Pods_gallery.framework */,
				1400A5340B7329E7FA8FD554 /* Pods_galleryTests.framework */,
				68D0D1BDF2BFDD5B065761C0 /* Pods_galleryUITests.framework */,
			);
			name = Frameworks;
			sourceTree = "<group>";
		};
		9B37FC7E760CDBF950190F61 /* Pods */ = {
			isa = PBXGroup;
			children = (
				44010E9E4F0952DEBA0273AD /* Pods-gallery.debug.xcconfig */,
				3225324FA8EDE291D5131A0C /* Pods-gallery.release.xcconfig */,
				F3DAB46453D0C501CF924110 /* Pods-galleryTests.debug.xcconfig */,
				FEEB983EE02FE11D641C544D /* Pods-galleryTests.release.xcconfig */,
				57D497755A100D92CA26C46C /* Pods-galleryUITests.debug.xcconfig */,
				02A5FAA7F3E0C3DF79224110 /* Pods-galleryUITests.release.xcconfig */,
			);
			name = Pods;
			sourceTree = "<group>";
		};
		EB59BF161D5640D900972CA3 /* UI */ = {
			isa = PBXGroup;
			children = (
				EBFA630D1D56F4F300CEAB94 /* ViewControllers */,
			);
			path = UI;
			sourceTree = "<group>";
		};
		EB59BF171D5640F100972CA3 /* Components */ = {
			isa = PBXGroup;
			children = (
				EBE251B91D570ACD0089D328 /* Generic UI */,
				EBFA63171D56F6B600CEAB94 /* Controllers */,
				EB59BF1F1D5648D200972CA3 /* Network */,
				EB59BF181D56413600972CA3 /* Models */,
			);
			path = Components;
			sourceTree = "<group>";
		};
		EB59BF181D56413600972CA3 /* Models */ = {
			isa = PBXGroup;
			children = (
				EB59BF191D56414300972CA3 /* Product.swift */,
			);
			path = Models;
			sourceTree = "<group>";
		};
		EB59BF1F1D5648D200972CA3 /* Network */ = {
			isa = PBXGroup;
			children = (
				EB59BF201D5648DE00972CA3 /* Result.swift */,
				EB59BF221D56492900972CA3 /* Error.swift */,
				EB59BF241D56496600972CA3 /* Resource.swift */,
				EB59BF261D564AC700972CA3 /* Connection.swift */,
				EB59BF2C1D5655B200972CA3 /* Parser.swift */,
			);
			path = Network;
			sourceTree = "<group>";
		};
		EB7628841D5637790093DFAB = {
			isa = PBXGroup;
			children = (
				EB76288F1D5637790093DFAB /* gallery */,
				EB7628A41D5637790093DFAB /* galleryTests */,
				EB7628AF1D5637790093DFAB /* galleryUITests */,
				EB76288E1D5637790093DFAB /* Products */,
				9B37FC7E760CDBF950190F61 /* Pods */,
				66301F2E457FC47EEEC8A5E2 /* Frameworks */,
			);
			sourceTree = "<group>";
		};
		EB76288E1D5637790093DFAB /* Products */ = {
			isa = PBXGroup;
			children = (
				EB76288D1D5637790093DFAB /* gallery.app */,
				EB7628A11D5637790093DFAB /* galleryTests.xctest */,
				EB7628AC1D5637790093DFAB /* galleryUITests.xctest */,
			);
			name = Products;
			sourceTree = "<group>";
		};
		EB76288F1D5637790093DFAB /* gallery */ = {
			isa = PBXGroup;
			children = (
				EB59BF171D5640F100972CA3 /* Components */,
				EB59BF161D5640D900972CA3 /* UI */,
				EB7628901D5637790093DFAB /* AppDelegate.swift */,
				EB7628941D5637790093DFAB /* Main.storyboard */,
				EB7628971D5637790093DFAB /* Assets.xcassets */,
				EB7628991D5637790093DFAB /* LaunchScreen.storyboard */,
				EB76289C1D5637790093DFAB /* Info.plist */,
			);
			path = gallery;
			sourceTree = "<group>";
		};
		EB7628A41D5637790093DFAB /* galleryTests */ = {
			isa = PBXGroup;
			children = (
				EB7628A51D5637790093DFAB /* galleryTests.swift */,
				EB7628A71D5637790093DFAB /* Info.plist */,
				EB59BF1B1D56449800972CA3 /* ProductTests.swift */,
				EB59BF1D1D5644DE00972CA3 /* product.json */,
				EB59BF281D564CD700972CA3 /* ConnectionTests.swift */,
				EB59BF2A1D56526600972CA3 /* MockFileHelper.swift */,
				EB59BF2E1D5658BD00972CA3 /* products.json */,
			);
			path = galleryTests;
			sourceTree = "<group>";
		};
		EB7628AF1D5637790093DFAB /* galleryUITests */ = {
			isa = PBXGroup;
			children = (
				EB7628B01D5637790093DFAB /* galleryUITests.swift */,
				EB7628B21D5637790093DFAB /* Info.plist */,
			);
			path = galleryUITests;
			sourceTree = "<group>";
		};
		EBE251B91D570ACD0089D328 /* Generic UI */ = {
			isa = PBXGroup;
			children = (
				EBE251BA1D570AEB0089D328 /* CellConfigurable.swift */,
				EBE251BE1D570B720089D328 /* TableViewDataSource.swift */,
				EBE251C01D570D0F0089D328 /* TableView+Dequeuing.swift */,
				EBE251C61D5728AB0089D328 /* TableViewDelegate.swift */,
				EBE251C81D572E7A0089D328 /* AlertController.swift */,
			);
			path = "Generic UI";
			sourceTree = "<group>";
		};
		EBFA630D1D56F4F300CEAB94 /* ViewControllers */ = {
			isa = PBXGroup;
			children = (
				EBFA630E1D56F5C500CEAB94 /* Products */,
			);
			path = ViewControllers;
			sourceTree = "<group>";
		};
		EBFA630E1D56F5C500CEAB94 /* Products */ = {
			isa = PBXGroup;
			children = (
				EBFA630F1D56F5D600CEAB94 /* ProductViewController.swift */,
				EBFA63101D56F5D600CEAB94 /* ProductViewController.xib */,
				EBFA63131D56F65300CEAB94 /* ProductTableViewCell.swift */,
				EBFA63141D56F65300CEAB94 /* ProductTableViewCell.xib */,
				EBE251C21D570E740089D328 /* ProductCellController.swift */,
				EBE251C41D5713980089D328 /* ProductListUIController.swift */,
			);
			path = Products;
			sourceTree = "<group>";
		};
		EBFA63171D56F6B600CEAB94 /* Controllers */ = {
			isa = PBXGroup;
			children = (
				EBFA63181D56F70100CEAB94 /* ProductListController.swift */,
			);
			path = Controllers;
			sourceTree = "<group>";
		};
/* End PBXGroup section */

/* Begin PBXNativeTarget section */
		EB76288C1D5637790093DFAB /* gallery */ = {
			isa = PBXNativeTarget;
			buildConfigurationList = EB7628B51D5637790093DFAB /* Build configuration list for PBXNativeTarget "gallery" */;
			buildPhases = (
				FCE3873DECB65E28F24F5302 /* [CP] Check Pods Manifest.lock */,
				EB7628891D5637790093DFAB /* Sources */,
				EB76288A1D5637790093DFAB /* Frameworks */,
				EB76288B1D5637790093DFAB /* Resources */,
				B36F25CAC5F5704584CCA76B /* [CP] Embed Pods Frameworks */,
				7E7E4102CC5F5D7F739BA040 /* [CP] Copy Pods Resources */,
			);
			buildRules = (
			);
			dependencies = (
			);
			name = gallery;
			productName = gallery;
			productReference = EB76288D1D5637790093DFAB /* gallery.app */;
			productType = "com.apple.product-type.application";
		};
		EB7628A01D5637790093DFAB /* galleryTests */ = {
			isa = PBXNativeTarget;
			buildConfigurationList = EB7628B81D5637790093DFAB /* Build configuration list for PBXNativeTarget "galleryTests" */;
			buildPhases = (
				140F9A2E3332952E1B4E4C3C /* [CP] Check Pods Manifest.lock */,
				EB76289D1D5637790093DFAB /* Sources */,
				EB76289E1D5637790093DFAB /* Frameworks */,
				EB76289F1D5637790093DFAB /* Resources */,
				6AEB390769BB7EEC28E97E66 /* [CP] Embed Pods Frameworks */,
				440D389FF23DB61A8E477575 /* [CP] Copy Pods Resources */,
			);
			buildRules = (
			);
			dependencies = (
				EB7628A31D5637790093DFAB /* PBXTargetDependency */,
			);
			name = galleryTests;
			productName = galleryTests;
			productReference = EB7628A11D5637790093DFAB /* galleryTests.xctest */;
			productType = "com.apple.product-type.bundle.unit-test";
		};
		EB7628AB1D5637790093DFAB /* galleryUITests */ = {
			isa = PBXNativeTarget;
			buildConfigurationList = EB7628BB1D5637790093DFAB /* Build configuration list for PBXNativeTarget "galleryUITests" */;
			buildPhases = (
				01EECD1E1C917616038BC5D4 /* [CP] Check Pods Manifest.lock */,
				EB7628A81D5637790093DFAB /* Sources */,
				EB7628A91D5637790093DFAB /* Frameworks */,
				EB7628AA1D5637790093DFAB /* Resources */,
				41BD73F2746477BFDAC20D9D /* [CP] Copy Pods Resources */,
			);
			buildRules = (
			);
			dependencies = (
				EB7628AE1D5637790093DFAB /* PBXTargetDependency */,
			);
			name = galleryUITests;
			productName = galleryUITests;
			productReference = EB7628AC1D5637790093DFAB /* galleryUITests.xctest */;
			productType = "com.apple.product-type.bundle.ui-testing";
		};
/* End PBXNativeTarget section */

/* Begin PBXProject section */
		EB7628851D5637790093DFAB /* Project object */ = {
			isa = PBXProject;
			attributes = {
				LastSwiftUpdateCheck = 0730;
				LastUpgradeCheck = 0730;
				ORGANIZATIONNAME = "Wahyu Sumartha ";
				TargetAttributes = {
					EB76288C1D5637790093DFAB = {
						CreatedOnToolsVersion = 7.3.1;
					};
					EB7628A01D5637790093DFAB = {
						CreatedOnToolsVersion = 7.3.1;
						TestTargetID = EB76288C1D5637790093DFAB;
					};
					EB7628AB1D5637790093DFAB = {
						CreatedOnToolsVersion = 7.3.1;
						TestTargetID = EB76288C1D5637790093DFAB;
					};
				};
			};
			buildConfigurationList = EB7628881D5637790093DFAB /* Build configuration list for PBXProject "gallery" */;
			compatibilityVersion = "Xcode 3.2";
			developmentRegion = English;
			hasScannedForEncodings = 0;
			knownRegions = (
				en,
				Base,
			);
			mainGroup = EB7628841D5637790093DFAB;
			productRefGroup = EB76288E1D5637790093DFAB /* Products */;
			projectDirPath = "";
			projectRoot = "";
			targets = (
				EB76288C1D5637790093DFAB /* gallery */,
				EB7628A01D5637790093DFAB /* galleryTests */,
				EB7628AB1D5637790093DFAB /* galleryUITests */,
			);
		};
/* End PBXProject section */

/* Begin PBXResourcesBuildPhase section */
		EB76288B1D5637790093DFAB /* Resources */ = {
			isa = PBXResourcesBuildPhase;
			buildActionMask = 2147483647;
			files = (
				EB76289B1D5637790093DFAB /* LaunchScreen.storyboard in Resources */,
				EB7628981D5637790093DFAB /* Assets.xcassets in Resources */,
				EBFA63161D56F65300CEAB94 /* ProductTableViewCell.xib in Resources */,
				EBFA63121D56F5D600CEAB94 /* ProductViewController.xib in Resources */,
				EB7628961D5637790093DFAB /* Main.storyboard in Resources */,
			);
			runOnlyForDeploymentPostprocessing = 0;
		};
		EB76289F1D5637790093DFAB /* Resources */ = {
			isa = PBXResourcesBuildPhase;
			buildActionMask = 2147483647;
			files = (
				EB59BF1E1D5644DE00972CA3 /* product.json in Resources */,
				EB59BF2F1D5658BD00972CA3 /* products.json in Resources */,
			);
			runOnlyForDeploymentPostprocessing = 0;
		};
		EB7628AA1D5637790093DFAB /* Resources */ = {
			isa = PBXResourcesBuildPhase;
			buildActionMask = 2147483647;
			files = (
			);
			runOnlyForDeploymentPostprocessing = 0;
		};
/* End PBXResourcesBuildPhase section */

/* Begin PBXShellScriptBuildPhase section */
		01EECD1E1C917616038BC5D4 /* [CP] Check Pods Manifest.lock */ = {
			isa = PBXShellScriptBuildPhase;
			buildActionMask = 2147483647;
			files = (
			);
			inputPaths = (
			);
			name = "[CP] Check Pods Manifest.lock";
			outputPaths = (
			);
			runOnlyForDeploymentPostprocessing = 0;
			shellPath = /bin/sh;
			shellScript = "diff \"${PODS_ROOT}/../Podfile.lock\" \"${PODS_ROOT}/Manifest.lock\" > /dev/null\nif [[ $? != 0 ]] ; then\n    cat << EOM\nerror: The sandbox is not in sync with the Podfile.lock. Run 'pod install' or update your CocoaPods installation.\nEOM\n    exit 1\nfi\n";
			showEnvVarsInLog = 0;
		};
		140F9A2E3332952E1B4E4C3C /* [CP] Check Pods Manifest.lock */ = {
			isa = PBXShellScriptBuildPhase;
			buildActionMask = 2147483647;
			files = (
			);
			inputPaths = (
			);
			name = "[CP] Check Pods Manifest.lock";
			outputPaths = (
			);
			runOnlyForDeploymentPostprocessing = 0;
			shellPath = /bin/sh;
			shellScript = "diff \"${PODS_ROOT}/../Podfile.lock\" \"${PODS_ROOT}/Manifest.lock\" > /dev/null\nif [[ $? != 0 ]] ; then\n    cat << EOM\nerror: The sandbox is not in sync with the Podfile.lock. Run 'pod install' or update your CocoaPods installation.\nEOM\n    exit 1\nfi\n";
			showEnvVarsInLog = 0;
		};
		41BD73F2746477BFDAC20D9D /* [CP] Copy Pods Resources */ = {
			isa = PBXShellScriptBuildPhase;
			buildActionMask = 2147483647;
			files = (
			);
			inputPaths = (
			);
			name = "[CP] Copy Pods Resources";
			outputPaths = (
			);
			runOnlyForDeploymentPostprocessing = 0;
			shellPath = /bin/sh;
			shellScript = "\"${SRCROOT}/Pods/Target Support Files/Pods-galleryUITests/Pods-galleryUITests-resources.sh\"\n";
			showEnvVarsInLog = 0;
		};
		440D389FF23DB61A8E477575 /* [CP] Copy Pods Resources */ = {
			isa = PBXShellScriptBuildPhase;
			buildActionMask = 2147483647;
			files = (
			);
			inputPaths = (
			);
			name = "[CP] Copy Pods Resources";
			outputPaths = (
			);
			runOnlyForDeploymentPostprocessing = 0;
			shellPath = /bin/sh;
			shellScript = "\"${SRCROOT}/Pods/Target Support Files/Pods-galleryTests/Pods-galleryTests-resources.sh\"\n";
			showEnvVarsInLog = 0;
		};
		6AEB390769BB7EEC28E97E66 /* [CP] Embed Pods Frameworks */ = {
			isa = PBXShellScriptBuildPhase;
			buildActionMask = 2147483647;
			files = (
			);
			inputPaths = (
			);
			name = "[CP] Embed Pods Frameworks";
			outputPaths = (
			);
			runOnlyForDeploymentPostprocessing = 0;
			shellPath = /bin/sh;
			shellScript = "\"${SRCROOT}/Pods/Target Support Files/Pods-galleryTests/Pods-galleryTests-frameworks.sh\"\n";
			showEnvVarsInLog = 0;
		};
		7E7E4102CC5F5D7F739BA040 /* [CP] Copy Pods Resources */ = {
			isa = PBXShellScriptBuildPhase;
			buildActionMask = 2147483647;
			files = (
			);
			inputPaths = (
			);
			name = "[CP] Copy Pods Resources";
			outputPaths = (
			);
			runOnlyForDeploymentPostprocessing = 0;
			shellPath = /bin/sh;
			shellScript = "\"${SRCROOT}/Pods/Target Support Files/Pods-gallery/Pods-gallery-resources.sh\"\n";
			showEnvVarsInLog = 0;
		};
		B36F25CAC5F5704584CCA76B /* [CP] Embed Pods Frameworks */ = {
			isa = PBXShellScriptBuildPhase;
			buildActionMask = 2147483647;
			files = (
			);
			inputPaths = (
			);
			name = "[CP] Embed Pods Frameworks";
			outputPaths = (
			);
			runOnlyForDeploymentPostprocessing = 0;
			shellPath = /bin/sh;
			shellScript = "\"${SRCROOT}/Pods/Target Support Files/Pods-gallery/Pods-gallery-frameworks.sh\"\n";
			showEnvVarsInLog = 0;
		};
		FCE3873DECB65E28F24F5302 /* [CP] Check Pods Manifest.lock */ = {
			isa = PBXShellScriptBuildPhase;
			buildActionMask = 2147483647;
			files = (
			);
			inputPaths = (
			);
			name = "[CP] Check Pods Manifest.lock";
			outputPaths = (
			);
			runOnlyForDeploymentPostprocessing = 0;
			shellPath = /bin/sh;
			shellScript = "diff \"${PODS_ROOT}/../Podfile.lock\" \"${PODS_ROOT}/Manifest.lock\" > /dev/null\nif [[ $? != 0 ]] ; then\n    cat << EOM\nerror: The sandbox is not in sync with the Podfile.lock. Run 'pod install' or update your CocoaPods installation.\nEOM\n    exit 1\nfi\n";
			showEnvVarsInLog = 0;
		};
/* End PBXShellScriptBuildPhase section */

/* Begin PBXSourcesBuildPhase section */
		EB7628891D5637790093DFAB /* Sources */ = {
			isa = PBXSourcesBuildPhase;
			buildActionMask = 2147483647;
			files = (
				EBE251C71D5728AB0089D328 /* TableViewDelegate.swift in Sources */,
				EB7628911D5637790093DFAB /* AppDelegate.swift in Sources */,
				EBFA63191D56F70100CEAB94 /* ProductListController.swift in Sources */,
				EB59BF211D5648DE00972CA3 /* Result.swift in Sources */,
				EB59BF251D56496600972CA3 /* Resource.swift in Sources */,
				EB59BF2D1D5655B200972CA3 /* Parser.swift in Sources */,
				EB59BF231D56492900972CA3 /* Error.swift in Sources */,
				EBE251C51D5713980089D328 /* ProductListUIController.swift in Sources */,
				EBE251C91D572E7A0089D328 /* AlertController.swift in Sources */,
				EBFA63111D56F5D600CEAB94 /* ProductViewController.swift in Sources */,
				EBFA63151D56F65300CEAB94 /* ProductTableViewCell.swift in Sources */,
				EBE251C11D570D0F0089D328 /* TableView+Dequeuing.swift in Sources */,
				EB59BF1A1D56414300972CA3 /* Product.swift in Sources */,
				EBE251BF1D570B720089D328 /* TableViewDataSource.swift in Sources */,
				EBE251BB1D570AEB0089D328 /* CellConfigurable.swift in Sources */,
				EBE251C31D570E740089D328 /* ProductCellController.swift in Sources */,
				EB59BF271D564AC700972CA3 /* Connection.swift in Sources */,
			);
			runOnlyForDeploymentPostprocessing = 0;
		};
		EB76289D1D5637790093DFAB /* Sources */ = {
			isa = PBXSourcesBuildPhase;
			buildActionMask = 2147483647;
			files = (
				EB7628A61D5637790093DFAB /* galleryTests.swift in Sources */,
				EB59BF2B1D56526600972CA3 /* MockFileHelper.swift in Sources */,
				EB59BF1C1D56449800972CA3 /* ProductTests.swift in Sources */,
				EB59BF291D564CD700972CA3 /* ConnectionTests.swift in Sources */,
			);
			runOnlyForDeploymentPostprocessing = 0;
		};
		EB7628A81D5637790093DFAB /* Sources */ = {
			isa = PBXSourcesBuildPhase;
			buildActionMask = 2147483647;
			files = (
				EB7628B11D5637790093DFAB /* galleryUITests.swift in Sources */,
			);
			runOnlyForDeploymentPostprocessing = 0;
		};
/* End PBXSourcesBuildPhase section */

/* Begin PBXTargetDependency section */
		EB7628A31D5637790093DFAB /* PBXTargetDependency */ = {
			isa = PBXTargetDependency;
			target = EB76288C1D5637790093DFAB /* gallery */;
			targetProxy = EB7628A21D5637790093DFAB /* PBXContainerItemProxy */;
		};
		EB7628AE1D5637790093DFAB /* PBXTargetDependency */ = {
			isa = PBXTargetDependency;
			target = EB76288C1D5637790093DFAB /* gallery */;
			targetProxy = EB7628AD1D5637790093DFAB /* PBXContainerItemProxy */;
		};
/* End PBXTargetDependency section */

/* Begin PBXVariantGroup section */
		EB7628941D5637790093DFAB /* Main.storyboard */ = {
			isa = PBXVariantGroup;
			children = (
				EB7628951D5637790093DFAB /* Base */,
			);
			name = Main.storyboard;
			sourceTree = "<group>";
		};
		EB7628991D5637790093DFAB /* LaunchScreen.storyboard */ = {
			isa = PBXVariantGroup;
			children = (
				EB76289A1D5637790093DFAB /* Base */,
			);
			name = LaunchScreen.storyboard;
			sourceTree = "<group>";
		};
/* End PBXVariantGroup section */

/* Begin XCBuildConfiguration section */
		EB7628B31D5637790093DFAB /* Debug */ = {
			isa = XCBuildConfiguration;
			buildSettings = {
				ALWAYS_SEARCH_USER_PATHS = NO;
				CLANG_ANALYZER_NONNULL = YES;
				CLANG_CXX_LANGUAGE_STANDARD = "gnu++0x";
				CLANG_CXX_LIBRARY = "libc++";
				CLANG_ENABLE_MODULES = YES;
				CLANG_ENABLE_OBJC_ARC = YES;
				CLANG_WARN_BOOL_CONVERSION = YES;
				CLANG_WARN_CONSTANT_CONVERSION = YES;
				CLANG_WARN_DIRECT_OBJC_ISA_USAGE = YES_ERROR;
				CLANG_WARN_EMPTY_BODY = YES;
				CLANG_WARN_ENUM_CONVERSION = YES;
				CLANG_WARN_INT_CONVERSION = YES;
				CLANG_WARN_OBJC_ROOT_CLASS = YES_ERROR;
				CLANG_WARN_UNREACHABLE_CODE = YES;
				CLANG_WARN__DUPLICATE_METHOD_MATCH = YES;
				"CODE_SIGN_IDENTITY[sdk=iphoneos*]" = "iPhone Developer";
				COPY_PHASE_STRIP = NO;
				DEBUG_INFORMATION_FORMAT = dwarf;
				ENABLE_STRICT_OBJC_MSGSEND = YES;
				ENABLE_TESTABILITY = YES;
				GCC_C_LANGUAGE_STANDARD = gnu99;
				GCC_DYNAMIC_NO_PIC = NO;
				GCC_NO_COMMON_BLOCKS = YES;
				GCC_OPTIMIZATION_LEVEL = 0;
				GCC_PREPROCESSOR_DEFINITIONS = (
					"DEBUG=1",
					"$(inherited)",
				);
				GCC_WARN_64_TO_32_BIT_CONVERSION = YES;
				GCC_WARN_ABOUT_RETURN_TYPE = YES_ERROR;
				GCC_WARN_UNDECLARED_SELECTOR = YES;
				GCC_WARN_UNINITIALIZED_AUTOS = YES_AGGRESSIVE;
				GCC_WARN_UNUSED_FUNCTION = YES;
				GCC_WARN_UNUSED_VARIABLE = YES;
				IPHONEOS_DEPLOYMENT_TARGET = 9.3;
				MTL_ENABLE_DEBUG_INFO = YES;
				ONLY_ACTIVE_ARCH = YES;
				SDKROOT = iphoneos;
				SWIFT_OPTIMIZATION_LEVEL = "-Onone";
				TARGETED_DEVICE_FAMILY = "1,2";
			};
			name = Debug;
		};
		EB7628B41D5637790093DFAB /* Release */ = {
			isa = XCBuildConfiguration;
			buildSettings = {
				ALWAYS_SEARCH_USER_PATHS = NO;
				CLANG_ANALYZER_NONNULL = YES;
				CLANG_CXX_LANGUAGE_STANDARD = "gnu++0x";
				CLANG_CXX_LIBRARY = "libc++";
				CLANG_ENABLE_MODULES = YES;
				CLANG_ENABLE_OBJC_ARC = YES;
				CLANG_WARN_BOOL_CONVERSION = YES;
				CLANG_WARN_CONSTANT_CONVERSION = YES;
				CLANG_WARN_DIRECT_OBJC_ISA_USAGE = YES_ERROR;
				CLANG_WARN_EMPTY_BODY = YES;
				CLANG_WARN_ENUM_CONVERSION = YES;
				CLANG_WARN_INT_CONVERSION = YES;
				CLANG_WARN_OBJC_ROOT_CLASS = YES_ERROR;
				CLANG_WARN_UNREACHABLE_CODE = YES;
				CLANG_WARN__DUPLICATE_METHOD_MATCH = YES;
				"CODE_SIGN_IDENTITY[sdk=iphoneos*]" = "iPhone Developer";
				COPY_PHASE_STRIP = NO;
				DEBUG_INFORMATION_FORMAT = "dwarf-with-dsym";
				ENABLE_NS_ASSERTIONS = NO;
				ENABLE_STRICT_OBJC_MSGSEND = YES;
				GCC_C_LANGUAGE_STANDARD = gnu99;
				GCC_NO_COMMON_BLOCKS = YES;
				GCC_WARN_64_TO_32_BIT_CONVERSION = YES;
				GCC_WARN_ABOUT_RETURN_TYPE = YES_ERROR;
				GCC_WARN_UNDECLARED_SELECTOR = YES;
				GCC_WARN_UNINITIALIZED_AUTOS = YES_AGGRESSIVE;
				GCC_WARN_UNUSED_FUNCTION = YES;
				GCC_WARN_UNUSED_VARIABLE = YES;
				IPHONEOS_DEPLOYMENT_TARGET = 9.3;
				MTL_ENABLE_DEBUG_INFO = NO;
				SDKROOT = iphoneos;
				TARGETED_DEVICE_FAMILY = "1,2";
				VALIDATE_PRODUCT = YES;
			};
			name = Release;
		};
		EB7628B61D5637790093DFAB /* Debug */ = {
			isa = XCBuildConfiguration;
			baseConfigurationReference = 44010E9E4F0952DEBA0273AD /* Pods-gallery.debug.xcconfig */;
			buildSettings = {
				ASSETCATALOG_COMPILER_APPICON_NAME = AppIcon;
				INFOPLIST_FILE = gallery/Info.plist;
				LD_RUNPATH_SEARCH_PATHS = "$(inherited) @executable_path/Frameworks";
				PRODUCT_BUNDLE_IDENTIFIER = de.westwing.gallery;
				PRODUCT_NAME = "$(TARGET_NAME)";
			};
			name = Debug;
		};
		EB7628B71D5637790093DFAB /* Release */ = {
			isa = XCBuildConfiguration;
			baseConfigurationReference = 3225324FA8EDE291D5131A0C /* Pods-gallery.release.xcconfig */;
			buildSettings = {
				ASSETCATALOG_COMPILER_APPICON_NAME = AppIcon;
				INFOPLIST_FILE = gallery/Info.plist;
				LD_RUNPATH_SEARCH_PATHS = "$(inherited) @executable_path/Frameworks";
				PRODUCT_BUNDLE_IDENTIFIER = de.westwing.gallery;
				PRODUCT_NAME = "$(TARGET_NAME)";
			};
			name = Release;
		};
		EB7628B91D5637790093DFAB /* Debug */ = {
			isa = XCBuildConfiguration;
			baseConfigurationReference = F3DAB46453D0C501CF924110 /* Pods-galleryTests.debug.xcconfig */;
			buildSettings = {
				BUNDLE_LOADER = "$(TEST_HOST)";
				INFOPLIST_FILE = galleryTests/Info.plist;
				LD_RUNPATH_SEARCH_PATHS = "$(inherited) @executable_path/Frameworks @loader_path/Frameworks";
				PRODUCT_BUNDLE_IDENTIFIER = de.westwing.galleryTests;
				PRODUCT_NAME = "$(TARGET_NAME)";
				TEST_HOST = "$(BUILT_PRODUCTS_DIR)/gallery.app/gallery";
			};
			name = Debug;
		};
		EB7628BA1D5637790093DFAB /* Release */ = {
			isa = XCBuildConfiguration;
			baseConfigurationReference = FEEB983EE02FE11D641C544D /* Pods-galleryTests.release.xcconfig */;
			buildSettings = {
				BUNDLE_LOADER = "$(TEST_HOST)";
				INFOPLIST_FILE = galleryTests/Info.plist;
				LD_RUNPATH_SEARCH_PATHS = "$(inherited) @executable_path/Frameworks @loader_path/Frameworks";
				PRODUCT_BUNDLE_IDENTIFIER = de.westwing.galleryTests;
				PRODUCT_NAME = "$(TARGET_NAME)";
				TEST_HOST = "$(BUILT_PRODUCTS_DIR)/gallery.app/gallery";
			};
			name = Release;
		};
		EB7628BC1D5637790093DFAB /* Debug */ = {
			isa = XCBuildConfiguration;
			baseConfigurationReference = 57D497755A100D92CA26C46C /* Pods-galleryUITests.debug.xcconfig */;
			buildSettings = {
				INFOPLIST_FILE = galleryUITests/Info.plist;
				LD_RUNPATH_SEARCH_PATHS = "$(inherited) @executable_path/Frameworks @loader_path/Frameworks";
				PRODUCT_BUNDLE_IDENTIFIER = de.westwing.galleryUITests;
				PRODUCT_NAME = "$(TARGET_NAME)";
				TEST_TARGET_NAME = gallery;
			};
			name = Debug;
		};
		EB7628BD1D5637790093DFAB /* Release */ = {
			isa = XCBuildConfiguration;
			baseConfigurationReference = 02A5FAA7F3E0C3DF79224110 /* Pods-galleryUITests.release.xcconfig */;
			buildSettings = {
				INFOPLIST_FILE = galleryUITests/Info.plist;
				LD_RUNPATH_SEARCH_PATHS = "$(inherited) @executable_path/Frameworks @loader_path/Frameworks";
				PRODUCT_BUNDLE_IDENTIFIER = de.westwing.galleryUITests;
				PRODUCT_NAME = "$(TARGET_NAME)";
				TEST_TARGET_NAME = gallery;
			};
			name = Release;
		};
/* End XCBuildConfiguration section */

/* Begin XCConfigurationList section */
		EB7628881D5637790093DFAB /* Build configuration list for PBXProject "gallery" */ = {
			isa = XCConfigurationList;
			buildConfigurations = (
				EB7628B31D5637790093DFAB /* Debug */,
				EB7628B41D5637790093DFAB /* Release */,
			);
			defaultConfigurationIsVisible = 0;
			defaultConfigurationName = Release;
		};
		EB7628B51D5637790093DFAB /* Build configuration list for PBXNativeTarget "gallery" */ = {
			isa = XCConfigurationList;
			buildConfigurations = (
				EB7628B61D5637790093DFAB /* Debug */,
				EB7628B71D5637790093DFAB /* Release */,
			);
			defaultConfigurationIsVisible = 0;
			defaultConfigurationName = Release;
		};
		EB7628B81D5637790093DFAB /* Build configuration list for PBXNativeTarget "galleryTests" */ = {
			isa = XCConfigurationList;
			buildConfigurations = (
				EB7628B91D5637790093DFAB /* Debug */,
				EB7628BA1D5637790093DFAB /* Release */,
			);
			defaultConfigurationIsVisible = 0;
			defaultConfigurationName = Release;
		};
		EB7628BB1D5637790093DFAB /* Build configuration list for PBXNativeTarget "galleryUITests" */ = {
			isa = XCConfigurationList;
			buildConfigurations = (
				EB7628BC1D5637790093DFAB /* Debug */,
				EB7628BD1D5637790093DFAB /* Release */,
			);
			defaultConfigurationIsVisible = 0;
			defaultConfigurationName = Release;
		};
/* End XCConfigurationList section */
	};
	rootObject = EB7628851D5637790093DFAB /* Project object */;
}
